
Microsoft Visual Studio Solution File, Format Version 12.00
# Visual Studio Version 17
VisualStudioVersion = 17.1.32210.238
MinimumVisualStudioVersion = 10.0.40219.1
Project("{9A19103F-16F7-4668-BE54-9A1E7A4F7556}") = "SindaCMS", "SindaCMS.csproj", "{8DF73F8D-03E0-467B-B86C-F7C65AD1BB69}"
EndProject
Project("{E53339B2-1760-4266-BCC7-CA923CBCF16C}") = "docker-compose", "docker-compose.dcproj", "{90095444-4646-4B88-B378-21655713A92A}"
EndProject
Global
	GlobalSection(SolutionConfigurationPlatforms) = preSolution
		Debug|Any CPU = Debug|Any CPU
		Release|Any CPU = Release|Any CPU
	EndGlobalSection
	GlobalSection(ProjectConfigurationPlatforms) = postSolution
		{8DF73F8D-03E0-467B-B86C-F7C65AD1BB69}.Debug|Any CPU.ActiveCfg = Debug|Any CPU
		{8DF73F8D-03E0-467B-B86C-F7C65AD1BB69}.Debug|Any CPU.Build.0 = Debug|Any CPU
		{8DF73F8D-03E0-467B-B86C-F7C65AD1BB69}.Release|Any CPU.ActiveCfg = Release|Any CPU
		{8DF73F8D-03E0-467B-B86C-F7C65AD1BB69}.Release|Any CPU.Build.0 = Release|Any CPU
		{90095444-4646-4B88-B378-21655713A92A}.Debug|Any CPU.ActiveCfg = Debug|Any CPU
		{90095444-4646-4B88-B378-21655713A92A}.Debug|Any CPU.Build.0 = Debug|Any CPU
		{90095444-4646-4B88-B378-21655713A92A}.Release|Any CPU.ActiveCfg = Release|Any CPU
		{90095444-4646-4B88-B378-21655713A92A}.Release|Any CPU.Build.0 = Release|Any CPU
	EndGlobalSection
	GlobalSection(SolutionProperties) = preSolution
		HideSolutionNode = FALSE
	EndGlobalSection
	GlobalSection(ExtensibilityGlobals) = postSolution
		SolutionGuid = {8D1C8722-BE32-4BF5-916D-A1193CA7CEED}
	EndGlobalSection
EndGlobal
